
Microsoft Visual Studio Solution File, Format Version 12.00
# Visual Studio 15
VisualStudioVersion = 15.0.28307.271
MinimumVisualStudioVersion = 10.0.40219.1
Project("{FAE04EC0-301F-11D3-BF4B-00C04F79EFBC}") = "SwineTracker", "SwineTracker\SwineTracker.csproj", "{FDB2E7A6-C8D6-4511-B375-932FF54C85B2}"
EndProject
Project("{54435603-DBB4-11D2-8724-00A0C9A8B90C}") = "SwineTracker_Setup", "SwineTracker_Setup\SwineTracker_Setup.vdproj", "{399770B8-1EF0-4C60-A448-E493634631B9}"
EndProject
Global
	GlobalSection(SolutionConfigurationPlatforms) = preSolution
		Debug|Any CPU = Debug|Any CPU
		Release|Any CPU = Release|Any CPU
	EndGlobalSection
	GlobalSection(ProjectConfigurationPlatforms) = postSolution
		{FDB2E7A6-C8D6-4511-B375-932FF54C85B2}.Debug|Any CPU.ActiveCfg = Debug|Any CPU
		{FDB2E7A6-C8D6-4511-B375-932FF54C85B2}.Debug|Any CPU.Build.0 = Debug|Any CPU
		{FDB2E7A6-C8D6-4511-B375-932FF54C85B2}.Release|Any CPU.ActiveCfg = Release|Any CPU
		{FDB2E7A6-C8D6-4511-B375-932FF54C85B2}.Release|Any CPU.Build.0 = Release|Any CPU
		{399770B8-1EF0-4C60-A448-E493634631B9}.Debug|Any CPU.ActiveCfg = Debug
		{399770B8-1EF0-4C60-A448-E493634631B9}.Release|Any CPU.ActiveCfg = Release
	EndGlobalSection
	GlobalSection(SolutionProperties) = preSolution
		HideSolutionNode = FALSE
	EndGlobalSection
	GlobalSection(ExtensibilityGlobals) = postSolution
		SolutionGuid = {00E43D49-FA83-462E-A464-1AB07A55238F}
	EndGlobalSection
EndGlobal
